[[package]]
category = "main"
description = "MQTT version 3.1.1 client class"
name = "paho-mqtt"
optional = false
python-versions = "*"
version = "1.5.0"

[package.extras]
proxy = ["pysocks"]

[metadata]
content-hash = "5ac576ad1c4abad43ee45c04721b90d01989714c428afbd45d10cec06f1b1542"
python-versions = "^3.8"

[metadata.files]
paho-mqtt = [
    {file = "paho-mqtt-1.5.0.tar.gz", hash = "sha256:e3d286198baaea195c8b3bc221941d25a3ab0e1507fc1779bdb7473806394be4"},
]
